# THIS IS AN AUTOGENERATED FILE. DO NOT EDIT THIS FILE DIRECTLY.
# yarn lockfile v1


velocity-animate@1.5.1:
  version "1.5.1"
  resolved "https://registry.yarnpkg.com/velocity-animate/-/velocity-animate-1.5.1.tgz#606837047bab8fbfb59a636d1d82ecc3f7bd71a6"
  integrity sha512-VJ3csMz5zP1ifkbBlsNYpxnoWkPHfVRQ8tUongS78W5DxSGHB68pjYHDTgUYBkVM7P/HpYdVukgVUFcxjr1gGg==
